
Microsoft Visual Studio Solution File, Format Version 12.00
# Visual Studio Version 17
VisualStudioVersion = 17.3.32708.82
MinimumVisualStudioVersion = 10.0.40219.1
Project("{9A19103F-16F7-4668-BE54-9A1E7A4F7556}") = "MMA.API", "MMA.API\MMA.API.csproj", "{9456D0E1-C24B-4EE4-A104-594D18D739C4}"
EndProject
Project("{2150E333-8FDC-42A3-9474-1A3956D46DE8}") = "Solution Items", "Solution Items", "{FECABEB3-55B5-47BA-99EE-EF664A2B3479}"
	ProjectSection(SolutionItems) = preProject
		NOTES.txt = NOTES.txt
	EndProjectSection
EndProject
Project("{9A19103F-16F7-4668-BE54-9A1E7A4F7556}") = "MMA.Server.UI", "MMA.Server.UI\MMA.Server.UI.csproj", "{3D92522F-77D7-4E37-B874-52B68A0E1A0F}"
EndProject
Global
	GlobalSection(SolutionConfigurationPlatforms) = preSolution
		Debug|Any CPU = Debug|Any CPU
		Release|Any CPU = Release|Any CPU
	EndGlobalSection
	GlobalSection(ProjectConfigurationPlatforms) = postSolution
		{9456D0E1-C24B-4EE4-A104-594D18D739C4}.Debug|Any CPU.ActiveCfg = Debug|Any CPU
		{9456D0E1-C24B-4EE4-A104-594D18D739C4}.Debug|Any CPU.Build.0 = Debug|Any CPU
		{9456D0E1-C24B-4EE4-A104-594D18D739C4}.Release|Any CPU.ActiveCfg = Release|Any CPU
		{9456D0E1-C24B-4EE4-A104-594D18D739C4}.Release|Any CPU.Build.0 = Release|Any CPU
		{3D92522F-77D7-4E37-B874-52B68A0E1A0F}.Debug|Any CPU.ActiveCfg = Debug|Any CPU
		{3D92522F-77D7-4E37-B874-52B68A0E1A0F}.Release|Any CPU.ActiveCfg = Release|Any CPU
		{3D92522F-77D7-4E37-B874-52B68A0E1A0F}.Release|Any CPU.Build.0 = Release|Any CPU
	EndGlobalSection
	GlobalSection(SolutionProperties) = preSolution
		HideSolutionNode = FALSE
	EndGlobalSection
	GlobalSection(ExtensibilityGlobals) = postSolution
		SolutionGuid = {1980C38B-62BA-474E-A940-50C084D69AEA}
	EndGlobalSection
EndGlobal
